
Microsoft Visual Studio Solution File, Format Version 12.00
Project("{2150E333-8FDC-42A3-9474-1A3956D46DE8}") = "FleetService", "FleetService", "{E82BAF95-C7F6-4257-885F-828827FEA5D2}"
EndProject
Project("{2150E333-8FDC-42A3-9474-1A3956D46DE8}") = "TripService", "TripService", "{404FE5A9-8D80-4A32-A48B-A0D357828AF6}"
EndProject
Project("{FAE04EC0-301F-11D3-BF4B-00C04F79EFBC}") = "FleetService.Domain", "FleetService.Domain\FleetService.Domain.csproj", "{8FFCA60A-F334-40A3-A004-045488BD89D6}"
EndProject
Project("{FAE04EC0-301F-11D3-BF4B-00C04F79EFBC}") = "TripService.Domain", "TripService.Domain\TripService.Domain.csproj", "{B821829A-D7FE-4E1C-BC84-3A196CEEEBAA}"
EndProject
Project("{FAE04EC0-301F-11D3-BF4B-00C04F79EFBC}") = "FleetService.Application", "FleetService.Application\FleetService.Application.csproj", "{9935838D-65D6-478F-89C4-BC5A8F9D3289}"
EndProject
Project("{FAE04EC0-301F-11D3-BF4B-00C04F79EFBC}") = "FleetService.Infrastructure", "FleetService.Infrastructure\FleetService.Infrastructure.csproj", "{6D675C50-1560-4A73-BC56-5CCDD758537D}"
EndProject
Project("{FAE04EC0-301F-11D3-BF4B-00C04F79EFBC}") = "FleetService.API", "FleetService.API\FleetService.API.csproj", "{122CA7E3-AEEE-4BA9-A91D-F893355E0602}"
EndProject
Project("{FAE04EC0-301F-11D3-BF4B-00C04F79EFBC}") = "TripService.Application", "TripService.Application\TripService.Application.csproj", "{47348E75-F84D-4DFF-A184-F5B7AFCC56BE}"
EndProject
Project("{FAE04EC0-301F-11D3-BF4B-00C04F79EFBC}") = "TripService.Infrastructure", "TripService.Infrastructure\TripService.Infrastructure.csproj", "{04B844D0-4505-4191-810D-94CA3BB66B00}"
EndProject
Project("{FAE04EC0-301F-11D3-BF4B-00C04F79EFBC}") = "TripService.API", "TripService.API\TripService.API.csproj", "{175831D7-CA3A-4E94-83C3-D4F8B4CC8FDF}"
EndProject
Project("{2150E333-8FDC-42A3-9474-1A3956D46DE8}") = "Shared", "Shared", "{A7B46ED0-763C-4716-8A84-4DAEE973408A}"
EndProject
Project("{2150E333-8FDC-42A3-9474-1A3956D46DE8}") = "Tests", "Tests", "{562724AF-DB83-4273-91EF-EC15616F9B13}"
EndProject
Project("{FAE04EC0-301F-11D3-BF4B-00C04F79EFBC}") = "FleetService.Tests", "FleetService.Tests\FleetService.Tests.csproj", "{6256D022-4760-488D-AC02-AA645D7C69BC}"
EndProject
Project("{FAE04EC0-301F-11D3-BF4B-00C04F79EFBC}") = "TripService.Tests", "TripService.Tests\TripService.Tests.csproj", "{01897822-BDEE-4353-8E80-7658615D222C}"
EndProject
Project("{FAE04EC0-301F-11D3-BF4B-00C04F79EFBC}") = "Shared", "Shared\Shared.csproj", "{30545CF8-10B5-4350-92E9-8FFAC382C7AC}"
EndProject
Global
	GlobalSection(SolutionConfigurationPlatforms) = preSolution
		Debug|Any CPU = Debug|Any CPU
		Release|Any CPU = Release|Any CPU
	EndGlobalSection
	GlobalSection(ProjectConfigurationPlatforms) = postSolution
		{8FFCA60A-F334-40A3-A004-045488BD89D6}.Debug|Any CPU.ActiveCfg = Debug|Any CPU
		{8FFCA60A-F334-40A3-A004-045488BD89D6}.Debug|Any CPU.Build.0 = Debug|Any CPU
		{8FFCA60A-F334-40A3-A004-045488BD89D6}.Release|Any CPU.ActiveCfg = Release|Any CPU
		{8FFCA60A-F334-40A3-A004-045488BD89D6}.Release|Any CPU.Build.0 = Release|Any CPU
		{B821829A-D7FE-4E1C-BC84-3A196CEEEBAA}.Debug|Any CPU.ActiveCfg = Debug|Any CPU
		{B821829A-D7FE-4E1C-BC84-3A196CEEEBAA}.Debug|Any CPU.Build.0 = Debug|Any CPU
		{B821829A-D7FE-4E1C-BC84-3A196CEEEBAA}.Release|Any CPU.ActiveCfg = Release|Any CPU
		{B821829A-D7FE-4E1C-BC84-3A196CEEEBAA}.Release|Any CPU.Build.0 = Release|Any CPU
		{9935838D-65D6-478F-89C4-BC5A8F9D3289}.Debug|Any CPU.ActiveCfg = Debug|Any CPU
		{9935838D-65D6-478F-89C4-BC5A8F9D3289}.Debug|Any CPU.Build.0 = Debug|Any CPU
		{9935838D-65D6-478F-89C4-BC5A8F9D3289}.Release|Any CPU.ActiveCfg = Release|Any CPU
		{9935838D-65D6-478F-89C4-BC5A8F9D3289}.Release|Any CPU.Build.0 = Release|Any CPU
		{6D675C50-1560-4A73-BC56-5CCDD758537D}.Debug|Any CPU.ActiveCfg = Debug|Any CPU
		{6D675C50-1560-4A73-BC56-5CCDD758537D}.Debug|Any CPU.Build.0 = Debug|Any CPU
		{6D675C50-1560-4A73-BC56-5CCDD758537D}.Release|Any CPU.ActiveCfg = Release|Any CPU
		{6D675C50-1560-4A73-BC56-5CCDD758537D}.Release|Any CPU.Build.0 = Release|Any CPU
		{122CA7E3-AEEE-4BA9-A91D-F893355E0602}.Debug|Any CPU.ActiveCfg = Debug|Any CPU
		{122CA7E3-AEEE-4BA9-A91D-F893355E0602}.Debug|Any CPU.Build.0 = Debug|Any CPU
		{122CA7E3-AEEE-4BA9-A91D-F893355E0602}.Release|Any CPU.ActiveCfg = Release|Any CPU
		{122CA7E3-AEEE-4BA9-A91D-F893355E0602}.Release|Any CPU.Build.0 = Release|Any CPU
		{47348E75-F84D-4DFF-A184-F5B7AFCC56BE}.Debug|Any CPU.ActiveCfg = Debug|Any CPU
		{47348E75-F84D-4DFF-A184-F5B7AFCC56BE}.Debug|Any CPU.Build.0 = Debug|Any CPU
		{47348E75-F84D-4DFF-A184-F5B7AFCC56BE}.Release|Any CPU.ActiveCfg = Release|Any CPU
		{47348E75-F84D-4DFF-A184-F5B7AFCC56BE}.Release|Any CPU.Build.0 = Release|Any CPU
		{04B844D0-4505-4191-810D-94CA3BB66B00}.Debug|Any CPU.ActiveCfg = Debug|Any CPU
		{04B844D0-4505-4191-810D-94CA3BB66B00}.Debug|Any CPU.Build.0 = Debug|Any CPU
		{04B844D0-4505-4191-810D-94CA3BB66B00}.Release|Any CPU.ActiveCfg = Release|Any CPU
		{04B844D0-4505-4191-810D-94CA3BB66B00}.Release|Any CPU.Build.0 = Release|Any CPU
		{175831D7-CA3A-4E94-83C3-D4F8B4CC8FDF}.Debug|Any CPU.ActiveCfg = Debug|Any CPU
		{175831D7-CA3A-4E94-83C3-D4F8B4CC8FDF}.Debug|Any CPU.Build.0 = Debug|Any CPU
		{175831D7-CA3A-4E94-83C3-D4F8B4CC8FDF}.Release|Any CPU.ActiveCfg = Release|Any CPU
		{175831D7-CA3A-4E94-83C3-D4F8B4CC8FDF}.Release|Any CPU.Build.0 = Release|Any CPU
		{6256D022-4760-488D-AC02-AA645D7C69BC}.Debug|Any CPU.ActiveCfg = Debug|Any CPU
		{6256D022-4760-488D-AC02-AA645D7C69BC}.Debug|Any CPU.Build.0 = Debug|Any CPU
		{6256D022-4760-488D-AC02-AA645D7C69BC}.Release|Any CPU.ActiveCfg = Release|Any CPU
		{6256D022-4760-488D-AC02-AA645D7C69BC}.Release|Any CPU.Build.0 = Release|Any CPU
		{01897822-BDEE-4353-8E80-7658615D222C}.Debug|Any CPU.ActiveCfg = Debug|Any CPU
		{01897822-BDEE-4353-8E80-7658615D222C}.Debug|Any CPU.Build.0 = Debug|Any CPU
		{01897822-BDEE-4353-8E80-7658615D222C}.Release|Any CPU.ActiveCfg = Release|Any CPU
		{01897822-BDEE-4353-8E80-7658615D222C}.Release|Any CPU.Build.0 = Release|Any CPU
		{30545CF8-10B5-4350-92E9-8FFAC382C7AC}.Debug|Any CPU.ActiveCfg = Debug|Any CPU
		{30545CF8-10B5-4350-92E9-8FFAC382C7AC}.Debug|Any CPU.Build.0 = Debug|Any CPU
		{30545CF8-10B5-4350-92E9-8FFAC382C7AC}.Release|Any CPU.ActiveCfg = Release|Any CPU
		{30545CF8-10B5-4350-92E9-8FFAC382C7AC}.Release|Any CPU.Build.0 = Release|Any CPU
	EndGlobalSection
	GlobalSection(NestedProjects) = preSolution
		{8FFCA60A-F334-40A3-A004-045488BD89D6} = {E82BAF95-C7F6-4257-885F-828827FEA5D2}
		{B821829A-D7FE-4E1C-BC84-3A196CEEEBAA} = {404FE5A9-8D80-4A32-A48B-A0D357828AF6}
		{9935838D-65D6-478F-89C4-BC5A8F9D3289} = {E82BAF95-C7F6-4257-885F-828827FEA5D2}
		{6D675C50-1560-4A73-BC56-5CCDD758537D} = {E82BAF95-C7F6-4257-885F-828827FEA5D2}
		{122CA7E3-AEEE-4BA9-A91D-F893355E0602} = {E82BAF95-C7F6-4257-885F-828827FEA5D2}
		{47348E75-F84D-4DFF-A184-F5B7AFCC56BE} = {404FE5A9-8D80-4A32-A48B-A0D357828AF6}
		{04B844D0-4505-4191-810D-94CA3BB66B00} = {404FE5A9-8D80-4A32-A48B-A0D357828AF6}
		{175831D7-CA3A-4E94-83C3-D4F8B4CC8FDF} = {404FE5A9-8D80-4A32-A48B-A0D357828AF6}
		{6256D022-4760-488D-AC02-AA645D7C69BC} = {562724AF-DB83-4273-91EF-EC15616F9B13}
		{01897822-BDEE-4353-8E80-7658615D222C} = {562724AF-DB83-4273-91EF-EC15616F9B13}
		{30545CF8-10B5-4350-92E9-8FFAC382C7AC} = {A7B46ED0-763C-4716-8A84-4DAEE973408A}
	EndGlobalSection
EndGlobal
