
Microsoft Visual Studio Solution File, Format Version 12.00
#
Project("{2150E333-8FDC-42A3-9474-1A3956D46DE8}") = "Shared", "Shared", "{A7B46ED0-763C-4716-8A84-4DAEE973408A}"
EndProject
Project("{FAE04EC0-301F-11D3-BF4B-00C04F79EFBC}") = "Shared", "Shared\Shared.csproj", "{30545CF8-10B5-4350-92E9-8FFAC382C7AC}"
EndProject
Project("{2150E333-8FDC-42A3-9474-1A3956D46DE8}") = "FleetService", "FleetService", "{6244E4F6-AF1A-4C5E-A062-7B68991E18B4}"
EndProject
Project("{FAE04EC0-301F-11D3-BF4B-00C04F79EFBC}") = "FleetService.Domain", "FleetService\FleetService.Domain\FleetService.Domain.csproj", "{3927C211-58E4-4222-8D6F-6697ED553E6B}"
EndProject
Project("{FAE04EC0-301F-11D3-BF4B-00C04F79EFBC}") = "FleetService.Application", "FleetService\FleetService.Application\FleetService.Application.csproj", "{166A90A0-5BAA-40D4-AC3C-F6B1608B2309}"
EndProject
Project("{FAE04EC0-301F-11D3-BF4B-00C04F79EFBC}") = "FleetService.Infrastructure", "FleetService\FleetService.Infrastructure\FleetService.Infrastructure.csproj", "{3D9E1E6E-E3EF-49EA-9623-031458FB0926}"
EndProject
Project("{FAE04EC0-301F-11D3-BF4B-00C04F79EFBC}") = "FleetService.API", "FleetService\FleetService.API\FleetService.API.csproj", "{05CFBB08-5CF4-484D-A93D-F5554A70D25B}"
EndProject
Project("{2150E333-8FDC-42A3-9474-1A3956D46DE8}") = "TripService", "TripService", "{6DCF5525-BF42-40A0-BAC6-A4EA0709DF2C}"
EndProject
Project("{FAE04EC0-301F-11D3-BF4B-00C04F79EFBC}") = "TripService.Domain", "TripService\TripService.Domain\TripService.Domain.csproj", "{CCF04550-70F7-465F-8AC4-260F22577024}"
EndProject
Project("{FAE04EC0-301F-11D3-BF4B-00C04F79EFBC}") = "TripService.Application", "TripService\TripService.Application\TripService.Application.csproj", "{26197FB0-753F-47B8-A763-54298C852D5C}"
EndProject
Project("{FAE04EC0-301F-11D3-BF4B-00C04F79EFBC}") = "TripService.Infrastructure", "TripService\TripService.Infrastructure\TripService.Infrastructure.csproj", "{56CC70AE-9418-420A-9FE0-5A98FA06E9C4}"
EndProject
Project("{FAE04EC0-301F-11D3-BF4B-00C04F79EFBC}") = "TripService.API", "TripService\TripService.API\TripService.API.csproj", "{D5C7EC3F-32E0-4461-A52F-330D81F14122}"
EndProject
Project("{2150E333-8FDC-42A3-9474-1A3956D46DE8}") = "tests", "tests", "{CAC62EBB-CB39-439B-94DA-D3ABBF34C3E9}"
EndProject
Project("{FAE04EC0-301F-11D3-BF4B-00C04F79EFBC}") = "FleetService.Tests", "tests\FleetService.Tests\FleetService.Tests.csproj", "{5E5B2E5E-CF9E-48EB-8375-4B5235859478}"
EndProject
Project("{FAE04EC0-301F-11D3-BF4B-00C04F79EFBC}") = "TripService.Tests", "tests\TripService.Tests\TripService.Tests.csproj", "{36D29481-C07A-4FA2-B261-AA9289773730}"
EndProject
Project("{2150E333-8FDC-42A3-9474-1A3956D46DE8}") = "Docker", "Docker", "{8757109D-662D-4BF0-BA1F-CB2053935E04}"
	ProjectSection(SolutionItems) = preProject
		docker-compose.yml = docker-compose.yml
		FleetService\FleetService.API\Dockerfile = FleetService\FleetService.API\Dockerfile
		TripService\TripService.API\Dockerfile = TripService\TripService.API\Dockerfile
		README.md = README.md
	EndProjectSection
EndProject
Global
	GlobalSection(SolutionConfigurationPlatforms) = preSolution
		Debug|Any CPU = Debug|Any CPU
		Release|Any CPU = Release|Any CPU
	EndGlobalSection
	GlobalSection(ProjectConfigurationPlatforms) = postSolution
		{30545CF8-10B5-4350-92E9-8FFAC382C7AC}.Debug|Any CPU.ActiveCfg = Debug|Any CPU
		{30545CF8-10B5-4350-92E9-8FFAC382C7AC}.Debug|Any CPU.Build.0 = Debug|Any CPU
		{30545CF8-10B5-4350-92E9-8FFAC382C7AC}.Release|Any CPU.ActiveCfg = Release|Any CPU
		{30545CF8-10B5-4350-92E9-8FFAC382C7AC}.Release|Any CPU.Build.0 = Release|Any CPU
		{3927C211-58E4-4222-8D6F-6697ED553E6B}.Debug|Any CPU.ActiveCfg = Debug|Any CPU
		{3927C211-58E4-4222-8D6F-6697ED553E6B}.Debug|Any CPU.Build.0 = Debug|Any CPU
		{3927C211-58E4-4222-8D6F-6697ED553E6B}.Release|Any CPU.ActiveCfg = Release|Any CPU
		{3927C211-58E4-4222-8D6F-6697ED553E6B}.Release|Any CPU.Build.0 = Release|Any CPU
		{166A90A0-5BAA-40D4-AC3C-F6B1608B2309}.Debug|Any CPU.ActiveCfg = Debug|Any CPU
		{166A90A0-5BAA-40D4-AC3C-F6B1608B2309}.Debug|Any CPU.Build.0 = Debug|Any CPU
		{166A90A0-5BAA-40D4-AC3C-F6B1608B2309}.Release|Any CPU.ActiveCfg = Release|Any CPU
		{166A90A0-5BAA-40D4-AC3C-F6B1608B2309}.Release|Any CPU.Build.0 = Release|Any CPU
		{3D9E1E6E-E3EF-49EA-9623-031458FB0926}.Debug|Any CPU.ActiveCfg = Debug|Any CPU
		{3D9E1E6E-E3EF-49EA-9623-031458FB0926}.Debug|Any CPU.Build.0 = Debug|Any CPU
		{3D9E1E6E-E3EF-49EA-9623-031458FB0926}.Release|Any CPU.ActiveCfg = Release|Any CPU
		{3D9E1E6E-E3EF-49EA-9623-031458FB0926}.Release|Any CPU.Build.0 = Release|Any CPU
		{05CFBB08-5CF4-484D-A93D-F5554A70D25B}.Debug|Any CPU.ActiveCfg = Debug|Any CPU
		{05CFBB08-5CF4-484D-A93D-F5554A70D25B}.Debug|Any CPU.Build.0 = Debug|Any CPU
		{05CFBB08-5CF4-484D-A93D-F5554A70D25B}.Release|Any CPU.ActiveCfg = Release|Any CPU
		{05CFBB08-5CF4-484D-A93D-F5554A70D25B}.Release|Any CPU.Build.0 = Release|Any CPU
		{CCF04550-70F7-465F-8AC4-260F22577024}.Debug|Any CPU.ActiveCfg = Debug|Any CPU
		{CCF04550-70F7-465F-8AC4-260F22577024}.Debug|Any CPU.Build.0 = Debug|Any CPU
		{CCF04550-70F7-465F-8AC4-260F22577024}.Release|Any CPU.ActiveCfg = Release|Any CPU
		{CCF04550-70F7-465F-8AC4-260F22577024}.Release|Any CPU.Build.0 = Release|Any CPU
		{26197FB0-753F-47B8-A763-54298C852D5C}.Debug|Any CPU.ActiveCfg = Debug|Any CPU
		{26197FB0-753F-47B8-A763-54298C852D5C}.Debug|Any CPU.Build.0 = Debug|Any CPU
		{26197FB0-753F-47B8-A763-54298C852D5C}.Release|Any CPU.ActiveCfg = Release|Any CPU
		{26197FB0-753F-47B8-A763-54298C852D5C}.Release|Any CPU.Build.0 = Release|Any CPU
		{56CC70AE-9418-420A-9FE0-5A98FA06E9C4}.Debug|Any CPU.ActiveCfg = Debug|Any CPU
		{56CC70AE-9418-420A-9FE0-5A98FA06E9C4}.Debug|Any CPU.Build.0 = Debug|Any CPU
		{56CC70AE-9418-420A-9FE0-5A98FA06E9C4}.Release|Any CPU.ActiveCfg = Release|Any CPU
		{56CC70AE-9418-420A-9FE0-5A98FA06E9C4}.Release|Any CPU.Build.0 = Release|Any CPU
		{D5C7EC3F-32E0-4461-A52F-330D81F14122}.Debug|Any CPU.ActiveCfg = Debug|Any CPU
		{D5C7EC3F-32E0-4461-A52F-330D81F14122}.Debug|Any CPU.Build.0 = Debug|Any CPU
		{D5C7EC3F-32E0-4461-A52F-330D81F14122}.Release|Any CPU.ActiveCfg = Release|Any CPU
		{D5C7EC3F-32E0-4461-A52F-330D81F14122}.Release|Any CPU.Build.0 = Release|Any CPU
		{5E5B2E5E-CF9E-48EB-8375-4B5235859478}.Debug|Any CPU.ActiveCfg = Debug|Any CPU
		{5E5B2E5E-CF9E-48EB-8375-4B5235859478}.Debug|Any CPU.Build.0 = Debug|Any CPU
		{5E5B2E5E-CF9E-48EB-8375-4B5235859478}.Release|Any CPU.ActiveCfg = Release|Any CPU
		{5E5B2E5E-CF9E-48EB-8375-4B5235859478}.Release|Any CPU.Build.0 = Release|Any CPU
		{36D29481-C07A-4FA2-B261-AA9289773730}.Debug|Any CPU.ActiveCfg = Debug|Any CPU
		{36D29481-C07A-4FA2-B261-AA9289773730}.Debug|Any CPU.Build.0 = Debug|Any CPU
		{36D29481-C07A-4FA2-B261-AA9289773730}.Release|Any CPU.ActiveCfg = Release|Any CPU
		{36D29481-C07A-4FA2-B261-AA9289773730}.Release|Any CPU.Build.0 = Release|Any CPU
	EndGlobalSection
	GlobalSection(NestedProjects) = preSolution
		{30545CF8-10B5-4350-92E9-8FFAC382C7AC} = {A7B46ED0-763C-4716-8A84-4DAEE973408A}
		{3927C211-58E4-4222-8D6F-6697ED553E6B} = {6244E4F6-AF1A-4C5E-A062-7B68991E18B4}
		{166A90A0-5BAA-40D4-AC3C-F6B1608B2309} = {6244E4F6-AF1A-4C5E-A062-7B68991E18B4}
		{3D9E1E6E-E3EF-49EA-9623-031458FB0926} = {6244E4F6-AF1A-4C5E-A062-7B68991E18B4}
		{05CFBB08-5CF4-484D-A93D-F5554A70D25B} = {6244E4F6-AF1A-4C5E-A062-7B68991E18B4}
		{CCF04550-70F7-465F-8AC4-260F22577024} = {6DCF5525-BF42-40A0-BAC6-A4EA0709DF2C}
		{26197FB0-753F-47B8-A763-54298C852D5C} = {6DCF5525-BF42-40A0-BAC6-A4EA0709DF2C}
		{56CC70AE-9418-420A-9FE0-5A98FA06E9C4} = {6DCF5525-BF42-40A0-BAC6-A4EA0709DF2C}
		{D5C7EC3F-32E0-4461-A52F-330D81F14122} = {6DCF5525-BF42-40A0-BAC6-A4EA0709DF2C}
		{5E5B2E5E-CF9E-48EB-8375-4B5235859478} = {CAC62EBB-CB39-439B-94DA-D3ABBF34C3E9}
		{36D29481-C07A-4FA2-B261-AA9289773730} = {CAC62EBB-CB39-439B-94DA-D3ABBF34C3E9}
	EndGlobalSection
EndGlobal
